
Microsoft Visual Studio Solution File, Format Version 12.00
# Visual Studio Version 16
VisualStudioVersion = 16.0.31005.135
MinimumVisualStudioVersion = 10.0.40219.1
Project("{FAE04EC0-301F-11D3-BF4B-00C04F79EFBC}") = "Employee Management", "Employee Management\Employee Management.csproj", "{270A0283-8E7F-4A99-AE11-3D7F68C7CCE9}"
EndProject
Global
	GlobalSection(SolutionConfigurationPlatforms) = preSolution
		Debug|Any CPU = Debug|Any CPU
		Release|Any CPU = Release|Any CPU
	EndGlobalSection
	GlobalSection(ProjectConfigurationPlatforms) = postSolution
		{270A0283-8E7F-4A99-AE11-3D7F68C7CCE9}.Debug|Any CPU.ActiveCfg = Debug|Any CPU
		{270A0283-8E7F-4A99-AE11-3D7F68C7CCE9}.Debug|Any CPU.Build.0 = Debug|Any CPU
		{270A0283-8E7F-4A99-AE11-3D7F68C7CCE9}.Release|Any CPU.ActiveCfg = Release|Any CPU
		{270A0283-8E7F-4A99-AE11-3D7F68C7CCE9}.Release|Any CPU.Build.0 = Release|Any CPU
	EndGlobalSection
	GlobalSection(SolutionProperties) = preSolution
		HideSolutionNode = FALSE
	EndGlobalSection
	GlobalSection(ExtensibilityGlobals) = postSolution
		SolutionGuid = {EE020CD3-F182-466C-8B3B-D2860354ABD7}
	EndGlobalSection
EndGlobal
